
Microsoft Visual Studio Solution File, Format Version 12.00
# Visual Studio Version 16
VisualStudioVersion = 16.0.30621.155
MinimumVisualStudioVersion = 10.0.40219.1
Project("{888888A0-9F3D-457C-B088-3A5042F75D52}") = "ProcurementAssistant-WebApp", "ProcurementAssistant-WebApp\ProcurementAssistant-WebApp.pyproj", "{5C648A08-E3C1-4F61-B479-F4065A33312C}"
EndProject
Global
	GlobalSection(SolutionConfigurationPlatforms) = preSolution
		Debug|Any CPU = Debug|Any CPU
		Release|Any CPU = Release|Any CPU
	EndGlobalSection
	GlobalSection(ProjectConfigurationPlatforms) = postSolution
		{5C648A08-E3C1-4F61-B479-F4065A33312C}.Debug|Any CPU.ActiveCfg = Debug|Any CPU
		{5C648A08-E3C1-4F61-B479-F4065A33312C}.Debug|Any CPU.Build.0 = Debug|Any CPU
		{5C648A08-E3C1-4F61-B479-F4065A33312C}.Release|Any CPU.ActiveCfg = Release|Any CPU
		{5C648A08-E3C1-4F61-B479-F4065A33312C}.Release|Any CPU.Build.0 = Release|Any CPU
	EndGlobalSection
	GlobalSection(SolutionProperties) = preSolution
		HideSolutionNode = FALSE
	EndGlobalSection
	GlobalSection(ExtensibilityGlobals) = postSolution
		SolutionGuid = {5BE65F20-40E7-44D8-A9BF-9059055260A2}
	EndGlobalSection
EndGlobal
